{
  "nodes": {
    "dotfiles": {
      "locked": {
        "lastModified": 1777307168,
        "narHash": "sha256-KNgN64c3dtlUdnt31UWbOcy8Ram9RlyNmHwpLoWGjLQ=",
        "owner": "cwage",
        "repo": "dotfiles",
        "rev": "c225c32e5d405f5a775bb3a220e6fcc4118efb6e",
        "type": "github"
      },
      "original": {
        "owner": "cwage",
        "repo": "dotfiles",
        "type": "github"
      }
    },
    "home-manager": {
      "inputs": {
        "nixpkgs": [
          "nixpkgs"
        ]
      },
      "locked": {
        "lastModified": 1779627636,
        "narHash": "sha256-J6JGf42zNzLo/CrRdKb5dNznpLI+eGxN/5KTLG1Mo5s=",
        "owner": "nix-community",
        "repo": "home-manager",
        "rev": "044c30c19550c0557997dece4ce9e54d2fa77ba1",
        "type": "github"
      },
      "original": {
        "owner": "nix-community",
        "repo": "home-manager",
        "type": "github"
      }
    },
    "nix-index-database": {
      "inputs": {
        "nixpkgs": [
          "nixpkgs"
        ]
      },
      "locked": {
        "lastModified": 1779604987,
        "narHash": "sha256-ZQ5z+fVhxYKtIFwtqGp5O0PD84BM1riASvqDaN5Xs+s=",
        "owner": "nix-community",
        "repo": "nix-index-database",
        "rev": "8fba98c80b48fa013820e0163c5096922fea4ddd",
        "type": "github"
      },
      "original": {
        "owner": "nix-community",
        "repo": "nix-index-database",
        "type": "github"
      }
    },
    "nixpkgs": {
      "locked": {
        "lastModified": 1779508470,
        "narHash": "sha256-Ap9KJX+5xHIn3bPIpfNgT6MEXdAECECwo4/rmlQD74M=",
        "owner": "NixOS",
        "repo": "nixpkgs",
        "rev": "29916453413845e54a65b8a1cf996842300cd299",
        "type": "github"
      },
      "original": {
        "owner": "NixOS",
        "ref": "nixos-unstable",
        "repo": "nixpkgs",
        "type": "github"
      }
    },
    "root": {
      "inputs": {
        "dotfiles": "dotfiles",
        "home-manager": "home-manager",
        "nix-index-database": "nix-index-database",
        "nixpkgs": "nixpkgs"
      }
    }
  },
  "root": "root",
  "version": 7
}
